importers:
  .:
    dependencies:
      classnames: 2.2.6
      javascript-time-ago: 2.0.13
      path-browserify: 1.0.1
      rc-tooltip: 4.2.1
    devDependencies:
      '@types/jest': 26.0.10
      '@types/mocha': 8.0.0
      '@types/react': 16.9.43
      '@types/react-router-dom': 5.1.5
    specifiers:
      '@types/jest': ~26.0.10
      '@types/mocha': 8.0.0
      '@types/react': 16.9.43
      '@types/react-router-dom': ^5.1.5
      classnames: ^2.2.6
      javascript-time-ago: ^2.0.13
      path-browserify: ^1.0.1
      rc-tooltip: ^4.2.1
  src/surfaces/split-pane/collapsed-pane:
    specifiers: {}
  src/surfaces/split-pane/fat-splitter:
    specifiers: {}
  src/surfaces/split-pane/split-pane:
    specifiers: {}
  src/surfaces/split-pane/splitter:
    specifiers: {}
  src/utils/sub-paths:
    specifiers: {}
  src/utils/time-ago:
    specifiers: {}
lockfileVersion: 5.1
packages:
  /@babel/runtime/7.10.5:
    dependencies:
      regenerator-runtime: 0.13.7
    dev: false
    resolution:
      integrity: sha512-otddXKhdNn7d0ptoFRHtMLa8LqDxLYwTjB4nYgM1yy5N6gU/MUf8zqyyLltCH3yAVitBzmwK4us+DD0l/MauAg==
  /@babel/runtime/7.11.2:
    dependencies:
      regenerator-runtime: 0.13.7
    dev: false
    resolution:
      integrity: sha512-TeWkU52so0mPtDcaCTxNBI/IHiz0pZgr8VEFqXFtZWpYD08ZB6FaSwVAS8MKRQAP3bYKiVjwysOJgMFY28o6Tw==
  /@jest/types/25.5.0:
    dependencies:
      '@types/istanbul-lib-coverage': 2.0.3
      '@types/istanbul-reports': 1.1.2
      '@types/yargs': 15.0.5
      chalk: 3.0.0
    dev: true
    engines:
      node: '>= 8.3'
    resolution:
      integrity: sha512-OXD0RgQ86Tu3MazKo8bnrkDRaDXXMGUqd+kTtLtK1Zb7CRzQcaSRPPPV37SvYTdevXEBVxe0HXylEjs8ibkmCw==
  /@types/color-name/1.1.1:
    dev: true
    resolution:
      integrity: sha512-rr+OQyAjxze7GgWrSaJwydHStIhHq2lvY3BOC2Mj7KnzI7XK0Uw1TOOdI9lDoajEbSWLiYgoo4f1R51erQfhPQ==
  /@types/history/4.7.7:
    dev: true
    resolution:
      integrity: sha512-2xtoL22/3Mv6a70i4+4RB7VgbDDORoWwjcqeNysojZA0R7NK17RbY5Gof/2QiFfJgX+KkWghbwJ+d/2SB8Ndzg==
  /@types/istanbul-lib-coverage/2.0.3:
    dev: true
    resolution:
      integrity: sha512-sz7iLqvVUg1gIedBOvlkxPlc8/uVzyS5OwGz1cKjXzkl3FpL3al0crU8YGU1WoHkxn0Wxbw5tyi6hvzJKNzFsw==
  /@types/istanbul-lib-report/3.0.0:
    dependencies:
      '@types/istanbul-lib-coverage': 2.0.3
    dev: true
    resolution:
      integrity: sha512-plGgXAPfVKFoYfa9NpYDAkseG+g6Jr294RqeqcqDixSbU34MZVJRi/P+7Y8GDpzkEwLaGZZOpKIEmeVZNtKsrg==
  /@types/istanbul-reports/1.1.2:
    dependencies:
      '@types/istanbul-lib-coverage': 2.0.3
      '@types/istanbul-lib-report': 3.0.0
    dev: true
    resolution:
      integrity: sha512-P/W9yOX/3oPZSpaYOCQzGqgCQRXn0FFO/V8bWrCQs+wLmvVVxk6CRBXALEvNs9OHIatlnlFokfhuDo2ug01ciw==
  /@types/jest/26.0.10:
    dependencies:
      jest-diff: 25.5.0
      pretty-format: 25.5.0
    dev: true
    resolution:
      integrity: sha512-i2m0oyh8w/Lum7wWK/YOZJakYF8Mx08UaKA1CtbmFeDquVhAEdA7znacsVSf2hJ1OQ/OfVMGN90pw/AtzF8s/Q==
  /@types/mocha/8.0.0:
    dev: true
    resolution:
      integrity: sha512-jWeYcTo3sCH/rMgsdYXDTO85GNRyTCII5dayMIu/ZO4zbEot1E3iNGaOwpLReLUHjeNQFkgeNNVYlY4dX6azQQ==
  /@types/prop-types/15.7.3:
    dev: true
    resolution:
      integrity: sha512-KfRL3PuHmqQLOG+2tGpRO26Ctg+Cq1E01D2DMriKEATHgWLfeNDmq9e29Q9WIky0dQ3NPkd1mzYH8Lm936Z9qw==
  /@types/react-router-dom/5.1.5:
    dependencies:
      '@types/history': 4.7.7
      '@types/react': 16.9.43
      '@types/react-router': 5.1.8
    dev: true
    resolution:
      integrity: sha512-ArBM4B1g3BWLGbaGvwBGO75GNFbLDUthrDojV2vHLih/Tq8M+tgvY1DSwkuNrPSwdp/GUL93WSEpTZs8nVyJLw==
  /@types/react-router/5.1.8:
    dependencies:
      '@types/history': 4.7.7
      '@types/react': 16.9.43
    dev: true
    resolution:
      integrity: sha512-HzOyJb+wFmyEhyfp4D4NYrumi+LQgQL/68HvJO+q6XtuHSDvw6Aqov7sCAhjbNq3bUPgPqbdvjXC5HeB2oEAPg==
  /@types/react/16.9.43:
    dependencies:
      '@types/prop-types': 15.7.3
      csstype: 2.6.13
    dev: true
    resolution:
      integrity: sha512-PxshAFcnJqIWYpJbLPriClH53Z2WlJcVZE+NP2etUtWQs2s7yIMj3/LDKZT/5CHJ/F62iyjVCDu2H3jHEXIxSg==
  /@types/yargs-parser/15.0.0:
    dev: true
    resolution:
      integrity: sha512-FA/BWv8t8ZWJ+gEOnLLd8ygxH/2UFbAvgEonyfN6yWGLKc7zVjbpl2Y4CTjid9h2RfgPP6SEt6uHwEOply00yw==
  /@types/yargs/15.0.5:
    dependencies:
      '@types/yargs-parser': 15.0.0
    dev: true
    resolution:
      integrity: sha512-Dk/IDOPtOgubt/IaevIUbTgV7doaKkoorvOyYM2CMwuDyP89bekI7H4xLIwunNYiK9jhCkmc6pUrJk3cj2AB9w==
  /ansi-regex/5.0.0:
    dev: true
    engines:
      node: '>=8'
    resolution:
      integrity: sha512-bY6fj56OUQ0hU1KjFNDQuJFezqKdrAyFdIevADiqrWHwSlbmBNMHp5ak2f40Pm8JTFyM2mqxkG6ngkHO11f/lg==
  /ansi-styles/4.2.1:
    dependencies:
      '@types/color-name': 1.1.1
      color-convert: 2.0.1
    dev: true
    engines:
      node: '>=8'
    resolution:
      integrity: sha512-9VGjrMsG1vePxcSweQsN20KY/c4zN0h9fLjqAbwbPfahM3t+NL+M9HC8xeXG2I8pX5NoamTGNuomEUFI7fcUjA==
  /chalk/3.0.0:
    dependencies:
      ansi-styles: 4.2.1
      supports-color: 7.1.0
    dev: true
    engines:
      node: '>=8'
    resolution:
      integrity: sha512-4D3B6Wf41KOYRFdszmDqMCGq5VV/uMAB273JILmO+3jAlh8X4qDtdtgCR3fxtbLEMzSx22QdhnDcJvu2u1fVwg==
  /classnames/2.2.6:
    dev: false
    resolution:
      integrity: sha512-JR/iSQOSt+LQIWwrwEzJ9uk0xfN3mTVYMwt1Ir5mUcSN6pU+V4zQFFaJsclJbPuAUQH+yfWef6tm7l1quW3C8Q==
  /color-convert/2.0.1:
    dependencies:
      color-name: 1.1.4
    dev: true
    engines:
      node: '>=7.0.0'
    resolution:
      integrity: sha512-RRECPsj7iu/xb5oKYcsFHSppFNnsj/52OVTRKb4zP5onXwVF3zVmmToNcOfGC+CRDpfK/U584fMg38ZHCaElKQ==
  /color-name/1.1.4:
    dev: true
    resolution:
      integrity: sha512-dOy+3AuW3a2wNbZHIuMZpTcgjGuLU/uBL/ubcZF9OXbDo8ff4O8yVp5Bf0efS8uEoYo5q4Fx7dY9OgQGXgAsQA==
  /csstype/2.6.13:
    dev: true
    resolution:
      integrity: sha512-ul26pfSQTZW8dcOnD2iiJssfXw0gdNVX9IJDH/X3K5DGPfj+fUYe3kB+swUY6BF3oZDxaID3AJt+9/ojSAE05A==
  /diff-sequences/25.2.6:
    dev: true
    engines:
      node: '>= 8.3'
    resolution:
      integrity: sha512-Hq8o7+6GaZeoFjtpgvRBUknSXNeJiCx7V9Fr94ZMljNiCr9n9L8H8aJqgWOQiDDGdyn29fRNcDdRVJ5fdyihfg==
  /dom-align/1.12.0:
    dev: false
    resolution:
      integrity: sha512-YkoezQuhp3SLFGdOlr5xkqZ640iXrnHAwVYcDg8ZKRUtO7mSzSC2BA5V0VuyAwPSJA4CLIc6EDDJh4bEsD2+zA==
  /has-flag/4.0.0:
    dev: true
    engines:
      node: '>=8'
    resolution:
      integrity: sha512-EykJT/Q1KjTWctppgIAgfSO0tKVuZUjhgMr17kqTumMl6Afv3EISleU7qZUzoXDFTAHTDC4NOoG/ZxU3EvlMPQ==
  /javascript-time-ago/2.0.13:
    dependencies:
      relative-time-format: 0.1.3
    dev: false
    resolution:
      integrity: sha512-zH+obXUQ4vlc9UlERFe637rNJQaVYLizwODUfGzYN/cNW/owkk5wzb327gAfEXFpI4yhFcStEaoqoJtMGAmrAg==
  /jest-diff/25.5.0:
    dependencies:
      chalk: 3.0.0
      diff-sequences: 25.2.6
      jest-get-type: 25.2.6
      pretty-format: 25.5.0
    dev: true
    engines:
      node: '>= 8.3'
    resolution:
      integrity: sha512-z1kygetuPiREYdNIumRpAHY6RXiGmp70YHptjdaxTWGmA085W3iCnXNx0DhflK3vwrKmrRWyY1wUpkPMVxMK7A==
  /jest-get-type/25.2.6:
    dev: true
    engines:
      node: '>= 8.3'
    resolution:
      integrity: sha512-DxjtyzOHjObRM+sM1knti6or+eOgcGU4xVSb2HNP1TqO4ahsT+rqZg+nyqHWJSvWgKC5cG3QjGFBqxLghiF/Ig==
  /path-browserify/1.0.1:
    dev: false
    resolution:
      integrity: sha512-b7uo2UCUOYZcnF/3ID0lulOJi/bafxa1xPe7ZPsammBSpjSWQkjNxlt635YGS2MiR9GjvuXCtz2emr3jbsz98g==
  /performance-now/2.1.0:
    dev: false
    resolution:
      integrity: sha1-Ywn04OX6kT7BxpMHrjZLSzd8nns=
  /pretty-format/25.5.0:
    dependencies:
      '@jest/types': 25.5.0
      ansi-regex: 5.0.0
      ansi-styles: 4.2.1
      react-is: 16.13.1
    dev: true
    engines:
      node: '>= 8.3'
    resolution:
      integrity: sha512-kbo/kq2LQ/A/is0PQwsEHM7Ca6//bGPPvU6UnsdDRSKTWxT/ru/xb88v4BJf6a69H+uTytOEsTusT9ksd/1iWQ==
  /raf/3.4.1:
    dependencies:
      performance-now: 2.1.0
    dev: false
    resolution:
      integrity: sha512-Sq4CW4QhwOHE8ucn6J34MqtZCeWFP2aQSmrlroYgqAV1PjStIhJXxYuTgUIfkEk7zTLjmIjLmU5q+fbD1NnOJA==
  /rc-align/4.0.3:
    dependencies:
      '@babel/runtime': 7.10.5
      classnames: 2.2.6
      dom-align: 1.12.0
      rc-util: 5.0.7
      resize-observer-polyfill: 1.5.1
    dev: false
    peerDependencies:
      react: '*'
      react-dom: '*'
    resolution:
      integrity: sha512-TpI0t1tvAo/wYdoZbZlkCK+MkQBqNuPyRZesfsji4tMlqoqQ0q0MhnC9JD5KGPitMvmSB+KWgFpaN2uTz4hw6Q==
  /rc-motion/1.0.2:
    dependencies:
      '@babel/runtime': 7.11.2
      classnames: 2.2.6
      raf: 3.4.1
      rc-util: 5.0.7
    dev: false
    peerDependencies:
      react: ^16.0.0
      react-dom: ^16.0.0
    resolution:
      integrity: sha512-FDmC9ZdzsXerlTZ+YLu+l5erjkMU98s85SFHdQac+pMy6zQ10RuON6Ntv3ZwP0+qY/YlIsK+0uMXIWOJ9LaLIg==
  /rc-tooltip/4.2.1:
    dependencies:
      rc-trigger: 4.4.0
    dev: false
    resolution:
      integrity: sha512-oykuaGsHg7RFvPUaxUpxo7ScEqtH61C66x4JUmjlFlSS8gSx2L8JFtfwM1D68SLBxUqGqJObtxj4TED75gQTiA==
  /rc-trigger/4.4.0:
    dependencies:
      '@babel/runtime': 7.10.5
      classnames: 2.2.6
      raf: 3.4.1
      rc-align: 4.0.3
      rc-motion: 1.0.2
      rc-util: 5.0.7
    dev: false
    engines:
      node: '>=8.x'
    resolution:
      integrity: sha512-09562wc5I1JUbCdWohcFYJeLTpjKjEqH+0lY7plDtyI9yFXRngrvmqsrSJyT6Nat+C35ymD7fhwCCPq3cfUI4g==
  /rc-util/5.0.7:
    dependencies:
      react-is: 16.13.1
      shallowequal: 1.1.0
    dev: false
    resolution:
      integrity: sha512-nr98b5aMqqvIqxm16nF+zC3K3f81r+HsflT5E9Encr5itRwV7Vo/5GjJMNds/WiFV33rilq7vzb3xeAbCycmwg==
  /react-is/16.13.1:
    resolution:
      integrity: sha512-24e6ynE2H+OKt4kqsOvNd8kBpV65zoxbA4BVsEOB3ARVWQki/DHzaUoC5KuON/BiccDaCCTZBuOcfZs70kR8bQ==
  /regenerator-runtime/0.13.7:
    dev: false
    resolution:
      integrity: sha512-a54FxoJDIr27pgf7IgeQGxmqUNYrcV338lf/6gH456HZ/PhX+5BcwHXG9ajESmwe6WRO0tAzRUrRmNONWgkrew==
  /relative-time-format/0.1.3:
    dev: false
    resolution:
      integrity: sha512-0O6i4fKjsx8qhz57zorG+LrIDnF9pSvP5s7H9R1Nb5nSqih5dvRyKzNKs6MxhL3bv4iwsz4DuDwAyw+c47QFIA==
  /resize-observer-polyfill/1.5.1:
    dev: false
    resolution:
      integrity: sha512-LwZrotdHOo12nQuZlHEmtuXdqGoOD0OhaxopaNFxWzInpEgaLWoVuAMbTzixuosCx2nEG58ngzW3vxdWoxIgdg==
  /shallowequal/1.1.0:
    dev: false
    resolution:
      integrity: sha512-y0m1JoUZSlPAjXVtPPW70aZWfIL/dSP7AFkRnniLCrK/8MDKog3TySTBmckD+RObVxH0v4Tox67+F14PdED2oQ==
  /supports-color/7.1.0:
    dependencies:
      has-flag: 4.0.0
    dev: true
    engines:
      node: '>=8'
    resolution:
      integrity: sha512-oRSIpR8pxT1Wr2FquTNnGet79b3BWljqOuoW/h4oBhxJ/HUbX5nX6JSruTkvXDCFMwDPvsaTTbvMLKZWSy0R5g==
